
Microsoft Visual Studio Solution File, Format Version 12.00
# Visual Studio Version 17
VisualStudioVersion = 17.8.34511.84
MinimumVisualStudioVersion = 10.0.40219.1
Project("{9A19103F-16F7-4668-BE54-9A1E7A4F7556}") = "Application", "Application\Application.csproj", "{797F2F18-633E-44A2-9AE8-C94F812E3CC0}"
EndProject
Project("{FAE04EC0-301F-11D3-BF4B-00C04F79EFBC}") = "TestProject1", "TestProject1\TestProject1.csproj", "{BB102F74-1E67-485E-91BA-0904876D6CB0}"
	ProjectSection(ProjectDependencies) = postProject
		{797F2F18-633E-44A2-9AE8-C94F812E3CC0} = {797F2F18-633E-44A2-9AE8-C94F812E3CC0}
	EndProjectSection
EndProject
Global
	GlobalSection(SolutionConfigurationPlatforms) = preSolution
		Debug|Any CPU = Debug|Any CPU
		Release|Any CPU = Release|Any CPU
	EndGlobalSection
	GlobalSection(ProjectConfigurationPlatforms) = postSolution
		{797F2F18-633E-44A2-9AE8-C94F812E3CC0}.Debug|Any CPU.ActiveCfg = Debug|Any CPU
		{797F2F18-633E-44A2-9AE8-C94F812E3CC0}.Debug|Any CPU.Build.0 = Debug|Any CPU
		{797F2F18-633E-44A2-9AE8-C94F812E3CC0}.Release|Any CPU.ActiveCfg = Release|Any CPU
		{797F2F18-633E-44A2-9AE8-C94F812E3CC0}.Release|Any CPU.Build.0 = Release|Any CPU
		{BB102F74-1E67-485E-91BA-0904876D6CB0}.Debug|Any CPU.ActiveCfg = Debug|Any CPU
		{BB102F74-1E67-485E-91BA-0904876D6CB0}.Debug|Any CPU.Build.0 = Debug|Any CPU
		{BB102F74-1E67-485E-91BA-0904876D6CB0}.Release|Any CPU.ActiveCfg = Release|Any CPU
		{BB102F74-1E67-485E-91BA-0904876D6CB0}.Release|Any CPU.Build.0 = Release|Any CPU
	EndGlobalSection
	GlobalSection(SolutionProperties) = preSolution
		HideSolutionNode = FALSE
	EndGlobalSection
	GlobalSection(ExtensibilityGlobals) = postSolution
		SolutionGuid = {83A83EA8-9CD1-41FC-922F-015064F9F98C}
	EndGlobalSection
EndGlobal
